
Microsoft Visual Studio Solution File, Format Version 12.00
# Visual Studio Version 16
VisualStudioVersion = 16.0.28803.352
MinimumVisualStudioVersion = 10.0.40219.1
Project("{FAE04EC0-301F-11D3-BF4B-00C04F79EFBC}") = "WebLibrary", "WebLibrary\WebLibrary.csproj", "{5CB270CE-BD75-4889-8085-73C6C246ED8F}"
EndProject
Project("{FAE04EC0-301F-11D3-BF4B-00C04F79EFBC}") = "DesktopApplication", "DesktopApplication\DesktopApplication.csproj", "{D977CE4D-D44F-4EF4-A645-72C797201695}"
EndProject
Project("{FAE04EC0-301F-11D3-BF4B-00C04F79EFBC}") = "DatabaseLibrary", "DatabaseLibrary\DatabaseLibrary.csproj", "{F9380EBC-14CB-44FC-8AD6-7DB046DAD7DB}"
EndProject
Project("{FAE04EC0-301F-11D3-BF4B-00C04F79EFBC}") = "WebLibraryTests", "WebLibraryTests\WebLibraryTests.csproj", "{A4E4EE62-728C-436A-A517-77275EE61755}"
EndProject
Project("{FAE04EC0-301F-11D3-BF4B-00C04F79EFBC}") = "ConsoleApp", "ConsoleApp\ConsoleApp.csproj", "{CD84F005-A738-4815-8EC5-D5B776E44C48}"
EndProject
Project("{FAE04EC0-301F-11D3-BF4B-00C04F79EFBC}") = "BusinessLogic", "BusinessLogic\BusinessLogic.csproj", "{2A264678-A808-463C-8419-04D547E306B2}"
EndProject
Global
	GlobalSection(SolutionConfigurationPlatforms) = preSolution
		Debug|Any CPU = Debug|Any CPU
		Release|Any CPU = Release|Any CPU
	EndGlobalSection
	GlobalSection(ProjectConfigurationPlatforms) = postSolution
		{5CB270CE-BD75-4889-8085-73C6C246ED8F}.Debug|Any CPU.ActiveCfg = Debug|Any CPU
		{5CB270CE-BD75-4889-8085-73C6C246ED8F}.Debug|Any CPU.Build.0 = Debug|Any CPU
		{5CB270CE-BD75-4889-8085-73C6C246ED8F}.Release|Any CPU.ActiveCfg = Release|Any CPU
		{5CB270CE-BD75-4889-8085-73C6C246ED8F}.Release|Any CPU.Build.0 = Release|Any CPU
		{D977CE4D-D44F-4EF4-A645-72C797201695}.Debug|Any CPU.ActiveCfg = Debug|Any CPU
		{D977CE4D-D44F-4EF4-A645-72C797201695}.Debug|Any CPU.Build.0 = Debug|Any CPU
		{D977CE4D-D44F-4EF4-A645-72C797201695}.Release|Any CPU.ActiveCfg = Release|Any CPU
		{D977CE4D-D44F-4EF4-A645-72C797201695}.Release|Any CPU.Build.0 = Release|Any CPU
		{F9380EBC-14CB-44FC-8AD6-7DB046DAD7DB}.Debug|Any CPU.ActiveCfg = Debug|Any CPU
		{F9380EBC-14CB-44FC-8AD6-7DB046DAD7DB}.Debug|Any CPU.Build.0 = Debug|Any CPU
		{F9380EBC-14CB-44FC-8AD6-7DB046DAD7DB}.Release|Any CPU.ActiveCfg = Release|Any CPU
		{F9380EBC-14CB-44FC-8AD6-7DB046DAD7DB}.Release|Any CPU.Build.0 = Release|Any CPU
		{A4E4EE62-728C-436A-A517-77275EE61755}.Debug|Any CPU.ActiveCfg = Debug|Any CPU
		{A4E4EE62-728C-436A-A517-77275EE61755}.Debug|Any CPU.Build.0 = Debug|Any CPU
		{A4E4EE62-728C-436A-A517-77275EE61755}.Release|Any CPU.ActiveCfg = Release|Any CPU
		{A4E4EE62-728C-436A-A517-77275EE61755}.Release|Any CPU.Build.0 = Release|Any CPU
		{CD84F005-A738-4815-8EC5-D5B776E44C48}.Debug|Any CPU.ActiveCfg = Debug|Any CPU
		{CD84F005-A738-4815-8EC5-D5B776E44C48}.Debug|Any CPU.Build.0 = Debug|Any CPU
		{CD84F005-A738-4815-8EC5-D5B776E44C48}.Release|Any CPU.ActiveCfg = Release|Any CPU
		{CD84F005-A738-4815-8EC5-D5B776E44C48}.Release|Any CPU.Build.0 = Release|Any CPU
		{2A264678-A808-463C-8419-04D547E306B2}.Debug|Any CPU.ActiveCfg = Debug|Any CPU
		{2A264678-A808-463C-8419-04D547E306B2}.Debug|Any CPU.Build.0 = Debug|Any CPU
		{2A264678-A808-463C-8419-04D547E306B2}.Release|Any CPU.ActiveCfg = Release|Any CPU
		{2A264678-A808-463C-8419-04D547E306B2}.Release|Any CPU.Build.0 = Release|Any CPU
	EndGlobalSection
	GlobalSection(SolutionProperties) = preSolution
		HideSolutionNode = FALSE
	EndGlobalSection
	GlobalSection(ExtensibilityGlobals) = postSolution
		SolutionGuid = {5F643334-FBA7-4AFC-813E-F79C01D1C4D5}
	EndGlobalSection
EndGlobal
